// !$*UTF8*$!
{
	archiveVersion = 1;
	classes = {
	};
	objectVersion = 56;
	objects = {

/* Begin PBXBuildFile section */
		09FAF403295F434900E5866A /* AppDelegate.swift in Sources */ = {isa = PBXBuildFile; fileRef = 09FAF402295F434900E5866A /* AppDelegate.swift */; };
		09FAF405295F434900E5866A /* SceneDelegate.swift in Sources */ = {isa = PBXBuildFile; fileRef = 09FAF404295F434900E5866A /* SceneDelegate.swift */; };
		09FAF40C295F434F00E5866A /* Assets.xcassets in Resources */ = {isa = PBXBuildFile; fileRef = 09FAF40B295F434F00E5866A /* Assets.xcassets */; };
		09FAF40F295F434F00E5866A /* LaunchScreen.storyboard in Resources */ = {isa = PBXBuildFile; fileRef = 09FAF40D295F434F00E5866A /* LaunchScreen.storyboard */; };
		09FAF417295F43C000E5866A /* MainVC.swift in Sources */ = {isa = PBXBuildFile; fileRef = 09FAF416295F43C000E5866A /* MainVC.swift */; };
		09FAF419295F448600E5866A /* NewsVC.swift in Sources */ = {isa = PBXBuildFile; fileRef = 09FAF418295F448600E5866A /* NewsVC.swift */; };
		09FAF41F295F595E00E5866A /* MainViewModel.swift in Sources */ = {isa = PBXBuildFile; fileRef = 09FAF41E295F595E00E5866A /* MainViewModel.swift */; };
		09FAF4212960107200E5866A /* CustomBodyLabel.swift in Sources */ = {isa = PBXBuildFile; fileRef = 09FAF4202960107200E5866A /* CustomBodyLabel.swift */; };
		09FAF423296011F200E5866A /* NetworkManager.swift in Sources */ = {isa = PBXBuildFile; fileRef = 09FAF422296011F200E5866A /* NetworkManager.swift */; };
		09FAF426296012F700E5866A /* Object.swift in Sources */ = {isa = PBXBuildFile; fileRef = 09FAF425296012F700E5866A /* Object.swift */; };
		09FAF4292960138600E5866A /* ErrorMessage.swift in Sources */ = {isa = PBXBuildFile; fileRef = 09FAF4282960138600E5866A /* ErrorMessage.swift */; };
		09FAF43129604B5800E5866A /* topSectionCell.swift in Sources */ = {isa = PBXBuildFile; fileRef = 09FAF43029604B5800E5866A /* topSectionCell.swift */; };
		09FAF43329604B9A00E5866A /* CustomImageView.swift in Sources */ = {isa = PBXBuildFile; fileRef = 09FAF43229604B9A00E5866A /* CustomImageView.swift */; };
		09FAF43529604BD600E5866A /* HelperEnum.swift in Sources */ = {isa = PBXBuildFile; fileRef = 09FAF43429604BD600E5866A /* HelperEnum.swift */; };
		09FAF43829605D9A00E5866A /* UIView+EXT.swift in Sources */ = {isa = PBXBuildFile; fileRef = 09FAF43729605D9A00E5866A /* UIView+EXT.swift */; };
		09FAF43A29605F1500E5866A /* LoadingView.swift in Sources */ = {isa = PBXBuildFile; fileRef = 09FAF43929605F1500E5866A /* LoadingView.swift */; };
		09FAF43C29607E8500E5866A /* CustomSmallLabel.swift in Sources */ = {isa = PBXBuildFile; fileRef = 09FAF43B29607E8500E5866A /* CustomSmallLabel.swift */; };
		09FAF43E296094FD00E5866A /* CompositionalView.swift in Sources */ = {isa = PBXBuildFile; fileRef = 09FAF43D296094FD00E5866A /* CompositionalView.swift */; };
		09FAF4422960965900E5866A /* bottomSectionCell.swift in Sources */ = {isa = PBXBuildFile; fileRef = 09FAF4412960965900E5866A /* bottomSectionCell.swift */; };
		09FAF444296096F300E5866A /* VerticalStackView.swift in Sources */ = {isa = PBXBuildFile; fileRef = 09FAF443296096F300E5866A /* VerticalStackView.swift */; };
		09FAF4462960AE8D00E5866A /* Follower.swift in Sources */ = {isa = PBXBuildFile; fileRef = 09FAF4452960AE8D00E5866A /* Follower.swift */; };
/* End PBXBuildFile section */

/* Begin PBXFileReference section */
		09FAF3FF295F434900E5866A /* AssignmentPratilipi.app */ = {isa = PBXFileReference; explicitFileType = wrapper.application; includeInIndex = 0; path = AssignmentPratilipi.app; sourceTree = BUILT_PRODUCTS_DIR; };
		09FAF402295F434900E5866A /* AppDelegate.swift */ = {isa = PBXFileReference; lastKnownFileType = sourcecode.swift; path = AppDelegate.swift; sourceTree = "<group>"; };
		09FAF404295F434900E5866A /* SceneDelegate.swift */ = {isa = PBXFileReference; lastKnownFileType = sourcecode.swift; path = SceneDelegate.swift; sourceTree = "<group>"; };
		09FAF40B295F434F00E5866A /* Assets.xcassets */ = {isa = PBXFileReference; lastKnownFileType = folder.assetcatalog; path = Assets.xcassets; sourceTree = "<group>"; };
		09FAF40E295F434F00E5866A /* Base */ = {isa = PBXFileReference; lastKnownFileType = file.storyboard; name = Base; path = Base.lproj/LaunchScreen.storyboard; sourceTree = "<group>"; };
		09FAF410295F434F00E5866A /* Info.plist */ = {isa = PBXFileReference; lastKnownFileType = text.plist.xml; path = Info.plist; sourceTree = "<group>"; };
		09FAF416295F43C000E5866A /* MainVC.swift */ = {isa = PBXFileReference; lastKnownFileType = sourcecode.swift; path = MainVC.swift; sourceTree = "<group>"; };
		09FAF418295F448600E5866A /* NewsVC.swift */ = {isa = PBXFileReference; lastKnownFileType = sourcecode.swift; path = NewsVC.swift; sourceTree = "<group>"; };
		09FAF41E295F595E00E5866A /* MainViewModel.swift */ = {isa = PBXFileReference; lastKnownFileType = sourcecode.swift; path = MainViewModel.swift; sourceTree = "<group>"; };
		09FAF4202960107200E5866A /* CustomBodyLabel.swift */ = {isa = PBXFileReference; lastKnownFileType = sourcecode.swift; path = CustomBodyLabel.swift; sourceTree = "<group>"; };
		09FAF422296011F200E5866A /* NetworkManager.swift */ = {isa = PBXFileReference; lastKnownFileType = sourcecode.swift; path = NetworkManager.swift; sourceTree = "<group>"; };
		09FAF425296012F700E5866A /* Object.swift */ = {isa = PBXFileReference; lastKnownFileType = sourcecode.swift; path = Object.swift; sourceTree = "<group>"; };
		09FAF4282960138600E5866A /* ErrorMessage.swift */ = {isa = PBXFileReference; lastKnownFileType = sourcecode.swift; path = ErrorMessage.swift; sourceTree = "<group>"; };
		09FAF43029604B5800E5866A /* topSectionCell.swift */ = {isa = PBXFileReference; lastKnownFileType = sourcecode.swift; path = topSectionCell.swift; sourceTree = "<group>"; };
		09FAF43229604B9A00E5866A /* CustomImageView.swift */ = {isa = PBXFileReference; lastKnownFileType = sourcecode.swift; path = CustomImageView.swift; sourceTree = "<group>"; };
		09FAF43429604BD600E5866A /* HelperEnum.swift */ = {isa = PBXFileReference; lastKnownFileType = sourcecode.swift; path = HelperEnum.swift; sourceTree = "<group>"; };
		09FAF43729605D9A00E5866A /* UIView+EXT.swift */ = {isa = PBXFileReference; lastKnownFileType = sourcecode.swift; path = "UIView+EXT.swift"; sourceTree = "<group>"; };
		09FAF43929605F1500E5866A /* LoadingView.swift */ = {isa = PBXFileReference; lastKnownFileType = sourcecode.swift; path = LoadingView.swift; sourceTree = "<group>"; };
		09FAF43B29607E8500E5866A /* CustomSmallLabel.swift */ = {isa = PBXFileReference; lastKnownFileType = sourcecode.swift; path = CustomSmallLabel.swift; sourceTree = "<group>"; };
		09FAF43D296094FD00E5866A /* CompositionalView.swift */ = {isa = PBXFileReference; lastKnownFileType = sourcecode.swift; path = CompositionalView.swift; sourceTree = "<group>"; };
		09FAF4412960965900E5866A /* bottomSectionCell.swift */ = {isa = PBXFileReference; lastKnownFileType = sourcecode.swift; path = bottomSectionCell.swift; sourceTree = "<group>"; };
		09FAF443296096F300E5866A /* VerticalStackView.swift */ = {isa = PBXFileReference; lastKnownFileType = sourcecode.swift; path = VerticalStackView.swift; sourceTree = "<group>"; };
		09FAF4452960AE8D00E5866A /* Follower.swift */ = {isa = PBXFileReference; lastKnownFileType = sourcecode.swift; path = Follower.swift; sourceTree = "<group>"; };
/* End PBXFileReference section */

/* Begin PBXFrameworksBuildPhase section */
		09FAF3FC295F434900E5866A /* Frameworks */ = {
			isa = PBXFrameworksBuildPhase;
			buildActionMask = 2147483647;
			files = (
			);
			runOnlyForDeploymentPostprocessing = 0;
		};
/* End PBXFrameworksBuildPhase section */

/* Begin PBXGroup section */
		09FAF3F6295F434900E5866A = {
			isa = PBXGroup;
			children = (
				09FAF401295F434900E5866A /* AssignmentPratilipi */,
				09FAF400295F434900E5866A /* Products */,
			);
			sourceTree = "<group>";
		};
		09FAF400295F434900E5866A /* Products */ = {
			isa = PBXGroup;
			children = (
				09FAF3FF295F434900E5866A /* AssignmentPratilipi.app */,
			);
			name = Products;
			sourceTree = "<group>";
		};
		09FAF401295F434900E5866A /* AssignmentPratilipi */ = {
			isa = PBXGroup;
			children = (
				09FAF424296012EC00E5866A /* Model */,
				09FAF43629605D8200E5866A /* Extensions */,
				09FAF42F29604B3D00E5866A /* Cells */,
				09FAF42E2960150400E5866A /* Custom */,
				09FAF42B296014C100E5866A /* ViewControllers */,
				09FAF42D296014E500E5866A /* ViewModel */,
				09FAF42A296014B500E5866A /* Managers */,
				09FAF4272960137900E5866A /* Utilities */,
				09FAF42C296014D600E5866A /* Support */,
				09FAF410295F434F00E5866A /* Info.plist */,
				09FAF40B295F434F00E5866A /* Assets.xcassets */,
			);
			path = AssignmentPratilipi;
			sourceTree = "<group>";
		};
		09FAF424296012EC00E5866A /* Model */ = {
			isa = PBXGroup;
			children = (
				09FAF425296012F700E5866A /* Object.swift */,
				09FAF4452960AE8D00E5866A /* Follower.swift */,
			);
			path = Model;
			sourceTree = "<group>";
		};
		09FAF4272960137900E5866A /* Utilities */ = {
			isa = PBXGroup;
			children = (
				09FAF4282960138600E5866A /* ErrorMessage.swift */,
				09FAF43429604BD600E5866A /* HelperEnum.swift */,
			);
			path = Utilities;
			sourceTree = "<group>";
		};
		09FAF42A296014B500E5866A /* Managers */ = {
			isa = PBXGroup;
			children = (
				09FAF422296011F200E5866A /* NetworkManager.swift */,
			);
			path = Managers;
			sourceTree = "<group>";
		};
		09FAF42B296014C100E5866A /* ViewControllers */ = {
			isa = PBXGroup;
			children = (
				09FAF416295F43C000E5866A /* MainVC.swift */,
				09FAF418295F448600E5866A /* NewsVC.swift */,
			);
			path = ViewControllers;
			sourceTree = "<group>";
		};
		09FAF42C296014D600E5866A /* Support */ = {
			isa = PBXGroup;
			children = (
				09FAF40D295F434F00E5866A /* LaunchScreen.storyboard */,
				09FAF402295F434900E5866A /* AppDelegate.swift */,
				09FAF404295F434900E5866A /* SceneDelegate.swift */,
			);
			path = Support;
			sourceTree = "<group>";
		};
		09FAF42D296014E500E5866A /* ViewModel */ = {
			isa = PBXGroup;
			children = (
				09FAF41E295F595E00E5866A /* MainViewModel.swift */,
			);
			path = ViewModel;
			sourceTree = "<group>";
		};
		09FAF42E2960150400E5866A /* Custom */ = {
			isa = PBXGroup;
			children = (
				09FAF4202960107200E5866A /* CustomBodyLabel.swift */,
				09FAF43B29607E8500E5866A /* CustomSmallLabel.swift */,
				09FAF43229604B9A00E5866A /* CustomImageView.swift */,
				09FAF43929605F1500E5866A /* LoadingView.swift */,
				09FAF43D296094FD00E5866A /* CompositionalView.swift */,
			);
			path = Custom;
			sourceTree = "<group>";
		};
		09FAF42F29604B3D00E5866A /* Cells */ = {
			isa = PBXGroup;
			children = (
				09FAF43029604B5800E5866A /* topSectionCell.swift */,
				09FAF4412960965900E5866A /* bottomSectionCell.swift */,
			);
			path = Cells;
			sourceTree = "<group>";
		};
		09FAF43629605D8200E5866A /* Extensions */ = {
			isa = PBXGroup;
			children = (
				09FAF43729605D9A00E5866A /* UIView+EXT.swift */,
				09FAF443296096F300E5866A /* VerticalStackView.swift */,
			);
			path = Extensions;
			sourceTree = "<group>";
		};
/* End PBXGroup section */

/* Begin PBXNativeTarget section */
		09FAF3FE295F434900E5866A /* AssignmentPratilipi */ = {
			isa = PBXNativeTarget;
			buildConfigurationList = 09FAF413295F434F00E5866A /* Build configuration list for PBXNativeTarget "AssignmentPratilipi" */;
			buildPhases = (
				09FAF3FB295F434900E5866A /* Sources */,
				09FAF3FC295F434900E5866A /* Frameworks */,
				09FAF3FD295F434900E5866A /* Resources */,
			);
			buildRules = (
			);
			dependencies = (
			);
			name = AssignmentPratilipi;
			productName = AssignmentPratilipi;
			productReference = 09FAF3FF295F434900E5866A /* AssignmentPratilipi.app */;
			productType = "com.apple.product-type.application";
		};
/* End PBXNativeTarget section */

/* Begin PBXProject section */
		09FAF3F7295F434900E5866A /* Project object */ = {
			isa = PBXProject;
			attributes = {
				BuildIndependentTargetsInParallel = 1;
				LastSwiftUpdateCheck = 1410;
				LastUpgradeCheck = 1410;
				TargetAttributes = {
					09FAF3FE295F434900E5866A = {
						CreatedOnToolsVersion = 14.1;
					};
				};
			};
			buildConfigurationList = 09FAF3FA295F434900E5866A /* Build configuration list for PBXProject "AssignmentPratilipi" */;
			compatibilityVersion = "Xcode 14.0";
			developmentRegion = en;
			hasScannedForEncodings = 0;
			knownRegions = (
				en,
				Base,
			);
			mainGroup = 09FAF3F6295F434900E5866A;
			productRefGroup = 09FAF400295F434900E5866A /* Products */;
			projectDirPath = "";
			projectRoot = "";
			targets = (
				09FAF3FE295F434900E5866A /* AssignmentPratilipi */,
			);
		};
/* End PBXProject section */

/* Begin PBXResourcesBuildPhase section */
		09FAF3FD295F434900E5866A /* Resources */ = {
			isa = PBXResourcesBuildPhase;
			buildActionMask = 2147483647;
			files = (
				09FAF40F295F434F00E5866A /* LaunchScreen.storyboard in Resources */,
				09FAF40C295F434F00E5866A /* Assets.xcassets in Resources */,
			);
			runOnlyForDeploymentPostprocessing = 0;
		};
/* End PBXResourcesBuildPhase section */

/* Begin PBXSourcesBuildPhase section */
		09FAF3FB295F434900E5866A /* Sources */ = {
			isa = PBXSourcesBuildPhase;
			buildActionMask = 2147483647;
			files = (
				09FAF4462960AE8D00E5866A /* Follower.swift in Sources */,
				09FAF41F295F595E00E5866A /* MainViewModel.swift in Sources */,
				09FAF444296096F300E5866A /* VerticalStackView.swift in Sources */,
				09FAF43129604B5800E5866A /* topSectionCell.swift in Sources */,
				09FAF403295F434900E5866A /* AppDelegate.swift in Sources */,
				09FAF419295F448600E5866A /* NewsVC.swift in Sources */,
				09FAF43529604BD600E5866A /* HelperEnum.swift in Sources */,
				09FAF4422960965900E5866A /* bottomSectionCell.swift in Sources */,
				09FAF43A29605F1500E5866A /* LoadingView.swift in Sources */,
				09FAF423296011F200E5866A /* NetworkManager.swift in Sources */,
				09FAF4292960138600E5866A /* ErrorMessage.swift in Sources */,
				09FAF43829605D9A00E5866A /* UIView+EXT.swift in Sources */,
				09FAF417295F43C000E5866A /* MainVC.swift in Sources */,
				09FAF43329604B9A00E5866A /* CustomImageView.swift in Sources */,
				09FAF405295F434900E5866A /* SceneDelegate.swift in Sources */,
				09FAF43C29607E8500E5866A /* CustomSmallLabel.swift in Sources */,
				09FAF426296012F700E5866A /* Object.swift in Sources */,
				09FAF43E296094FD00E5866A /* CompositionalView.swift in Sources */,
				09FAF4212960107200E5866A /* CustomBodyLabel.swift in Sources */,
			);
			runOnlyForDeploymentPostprocessing = 0;
		};
/* End PBXSourcesBuildPhase section */

/* Begin PBXVariantGroup section */
		09FAF40D295F434F00E5866A /* LaunchScreen.storyboard */ = {
			isa = PBXVariantGroup;
			children = (
				09FAF40E295F434F00E5866A /* Base */,
			);
			name = LaunchScreen.storyboard;
			sourceTree = "<group>";
		};
/* End PBXVariantGroup section */

/* Begin XCBuildConfiguration section */
		09FAF411295F434F00E5866A /* Debug */ = {
			isa = XCBuildConfiguration;
			buildSettings = {
				ALWAYS_SEARCH_USER_PATHS = NO;
				CLANG_ANALYZER_NONNULL = YES;
				CLANG_ANALYZER_NUMBER_OBJECT_CONVERSION = YES_AGGRESSIVE;
				CLANG_CXX_LANGUAGE_STANDARD = "gnu++20";
				CLANG_ENABLE_MODULES = YES;
				CLANG_ENABLE_OBJC_ARC = YES;
				CLANG_ENABLE_OBJC_WEAK = YES;
				CLANG_WARN_BLOCK_CAPTURE_AUTORELEASING = YES;
				CLANG_WARN_BOOL_CONVERSION = YES;
				CLANG_WARN_COMMA = YES;
				CLANG_WARN_CONSTANT_CONVERSION = YES;
				CLANG_WARN_DEPRECATED_OBJC_IMPLEMENTATIONS = YES;
				CLANG_WARN_DIRECT_OBJC_ISA_USAGE = YES_ERROR;
				CLANG_WARN_DOCUMENTATION_COMMENTS = YES;
				CLANG_WARN_EMPTY_BODY = YES;
				CLANG_WARN_ENUM_CONVERSION = YES;
				CLANG_WARN_INFINITE_RECURSION = YES;
				CLANG_WARN_INT_CONVERSION = YES;
				CLANG_WARN_NON_LITERAL_NULL_CONVERSION = YES;
				CLANG_WARN_OBJC_IMPLICIT_RETAIN_SELF = YES;
				CLANG_WARN_OBJC_LITERAL_CONVERSION = YES;
				CLANG_WARN_OBJC_ROOT_CLASS = YES_ERROR;
				CLANG_WARN_QUOTED_INCLUDE_IN_FRAMEWORK_HEADER = YES;
				CLANG_WARN_RANGE_LOOP_ANALYSIS = YES;
				CLANG_WARN_STRICT_PROTOTYPES = YES;
				CLANG_WARN_SUSPICIOUS_MOVE = YES;
				CLANG_WARN_UNGUARDED_AVAILABILITY = YES_AGGRESSIVE;
				CLANG_WARN_UNREACHABLE_CODE = YES;
				CLANG_WARN__DUPLICATE_METHOD_MATCH = YES;
				COPY_PHASE_STRIP = NO;
				DEBUG_INFORMATION_FORMAT = dwarf;
				ENABLE_STRICT_OBJC_MSGSEND = YES;
				ENABLE_TESTABILITY = YES;
				GCC_C_LANGUAGE_STANDARD = gnu11;
				GCC_DYNAMIC_NO_PIC = NO;
				GCC_NO_COMMON_BLOCKS = YES;
				GCC_OPTIMIZATION_LEVEL = 0;
				GCC_PREPROCESSOR_DEFINITIONS = (
					"DEBUG=1",
					"$(inherited)",
				);
				GCC_WARN_64_TO_32_BIT_CONVERSION = YES;
				GCC_WARN_ABOUT_RETURN_TYPE = YES_ERROR;
				GCC_WARN_UNDECLARED_SELECTOR = YES;
				GCC_WARN_UNINITIALIZED_AUTOS = YES_AGGRESSIVE;
				GCC_WARN_UNUSED_FUNCTION = YES;
				GCC_WARN_UNUSED_VARIABLE = YES;
				IPHONEOS_DEPLOYMENT_TARGET = 16.1;
				MTL_ENABLE_DEBUG_INFO = INCLUDE_SOURCE;
				MTL_FAST_MATH = YES;
				ONLY_ACTIVE_ARCH = YES;
				SDKROOT = iphoneos;
				SWIFT_ACTIVE_COMPILATION_CONDITIONS = DEBUG;
				SWIFT_OPTIMIZATION_LEVEL = "-Onone";
			};
			name = Debug;
		};
		09FAF412295F434F00E5866A /* Release */ = {
			isa = XCBuildConfiguration;
			buildSettings = {
				ALWAYS_SEARCH_USER_PATHS = NO;
				CLANG_ANALYZER_NONNULL = YES;
				CLANG_ANALYZER_NUMBER_OBJECT_CONVERSION = YES_AGGRESSIVE;
				CLANG_CXX_LANGUAGE_STANDARD = "gnu++20";
				CLANG_ENABLE_MODULES = YES;
				CLANG_ENABLE_OBJC_ARC = YES;
				CLANG_ENABLE_OBJC_WEAK = YES;
				CLANG_WARN_BLOCK_CAPTURE_AUTORELEASING = YES;
				CLANG_WARN_BOOL_CONVERSION = YES;
				CLANG_WARN_COMMA = YES;
				CLANG_WARN_CONSTANT_CONVERSION = YES;
				CLANG_WARN_DEPRECATED_OBJC_IMPLEMENTATIONS = YES;
				CLANG_WARN_DIRECT_OBJC_ISA_USAGE = YES_ERROR;
				CLANG_WARN_DOCUMENTATION_COMMENTS = YES;
				CLANG_WARN_EMPTY_BODY = YES;
				CLANG_WARN_ENUM_CONVERSION = YES;
				CLANG_WARN_INFINITE_RECURSION = YES;
				CLANG_WARN_INT_CONVERSION = YES;
				CLANG_WARN_NON_LITERAL_NULL_CONVERSION = YES;
				CLANG_WARN_OBJC_IMPLICIT_RETAIN_SELF = YES;
				CLANG_WARN_OBJC_LITERAL_CONVERSION = YES;
				CLANG_WARN_OBJC_ROOT_CLASS = YES_ERROR;
				CLANG_WARN_QUOTED_INCLUDE_IN_FRAMEWORK_HEADER = YES;
				CLANG_WARN_RANGE_LOOP_ANALYSIS = YES;
				CLANG_WARN_STRICT_PROTOTYPES = YES;
				CLANG_WARN_SUSPICIOUS_MOVE = YES;
				CLANG_WARN_UNGUARDED_AVAILABILITY = YES_AGGRESSIVE;
				CLANG_WARN_UNREACHABLE_CODE = YES;
				CLANG_WARN__DUPLICATE_METHOD_MATCH = YES;
				COPY_PHASE_STRIP = NO;
				DEBUG_INFORMATION_FORMAT = "dwarf-with-dsym";
				ENABLE_NS_ASSERTIONS = NO;
				ENABLE_STRICT_OBJC_MSGSEND = YES;
				GCC_C_LANGUAGE_STANDARD = gnu11;
				GCC_NO_COMMON_BLOCKS = YES;
				GCC_WARN_64_TO_32_BIT_CONVERSION = YES;
				GCC_WARN_ABOUT_RETURN_TYPE = YES_ERROR;
				GCC_WARN_UNDECLARED_SELECTOR = YES;
				GCC_WARN_UNINITIALIZED_AUTOS = YES_AGGRESSIVE;
				GCC_WARN_UNUSED_FUNCTION = YES;
				GCC_WARN_UNUSED_VARIABLE = YES;
				IPHONEOS_DEPLOYMENT_TARGET = 16.1;
				MTL_ENABLE_DEBUG_INFO = NO;
				MTL_FAST_MATH = YES;
				SDKROOT = iphoneos;
				SWIFT_COMPILATION_MODE = wholemodule;
				SWIFT_OPTIMIZATION_LEVEL = "-O";
				VALIDATE_PRODUCT = YES;
			};
			name = Release;
		};
		09FAF414295F434F00E5866A /* Debug */ = {
			isa = XCBuildConfiguration;
			buildSettings = {
				ASSETCATALOG_COMPILER_APPICON_NAME = AppIcon;
				ASSETCATALOG_COMPILER_GLOBAL_ACCENT_COLOR_NAME = AccentColor;
				CODE_SIGN_STYLE = Automatic;
				CURRENT_PROJECT_VERSION = 1;
				DEVELOPMENT_TEAM = 8GPAM38G9D;
				GENERATE_INFOPLIST_FILE = YES;
				INFOPLIST_FILE = AssignmentPratilipi/Info.plist;
				INFOPLIST_KEY_UIApplicationSupportsIndirectInputEvents = YES;
				INFOPLIST_KEY_UILaunchStoryboardName = LaunchScreen;
				INFOPLIST_KEY_UISupportedInterfaceOrientations = UIInterfaceOrientationPortrait;
				IPHONEOS_DEPLOYMENT_TARGET = 13.0;
				LD_RUNPATH_SEARCH_PATHS = (
					"$(inherited)",
					"@executable_path/Frameworks",
				);
				MARKETING_VERSION = 1.0;
				PRODUCT_BUNDLE_IDENTIFIER = com.aadityaSingh.AssignmentPratilipi;
				PRODUCT_NAME = "$(TARGET_NAME)";
				SUPPORTED_PLATFORMS = "iphoneos iphonesimulator";
				SUPPORTS_MACCATALYST = NO;
				SUPPORTS_MAC_DESIGNED_FOR_IPHONE_IPAD = YES;
				SWIFT_EMIT_LOC_STRINGS = YES;
				SWIFT_VERSION = 5.0;
				TARGETED_DEVICE_FAMILY = 1;
			};
			name = Debug;
		};
		09FAF415295F434F00E5866A /* Release */ = {
			isa = XCBuildConfiguration;
			buildSettings = {
				ASSETCATALOG_COMPILER_APPICON_NAME = AppIcon;
				ASSETCATALOG_COMPILER_GLOBAL_ACCENT_COLOR_NAME = AccentColor;
				CODE_SIGN_STYLE = Automatic;
				CURRENT_PROJECT_VERSION = 1;
				DEVELOPMENT_TEAM = 8GPAM38G9D;
				GENERATE_INFOPLIST_FILE = YES;
				INFOPLIST_FILE = AssignmentPratilipi/Info.plist;
				INFOPLIST_KEY_UIApplicationSupportsIndirectInputEvents = YES;
				INFOPLIST_KEY_UILaunchStoryboardName = LaunchScreen;
				INFOPLIST_KEY_UISupportedInterfaceOrientations = UIInterfaceOrientationPortrait;
				IPHONEOS_DEPLOYMENT_TARGET = 13.0;
				LD_RUNPATH_SEARCH_PATHS = (
					"$(inherited)",
					"@executable_path/Frameworks",
				);
				MARKETING_VERSION = 1.0;
				PRODUCT_BUNDLE_IDENTIFIER = com.aadityaSingh.AssignmentPratilipi;
				PRODUCT_NAME = "$(TARGET_NAME)";
				SUPPORTED_PLATFORMS = "iphoneos iphonesimulator";
				SUPPORTS_MACCATALYST = NO;
				SUPPORTS_MAC_DESIGNED_FOR_IPHONE_IPAD = YES;
				SWIFT_EMIT_LOC_STRINGS = YES;
				SWIFT_VERSION = 5.0;
				TARGETED_DEVICE_FAMILY = 1;
			};
			name = Release;
		};
/* End XCBuildConfiguration section */

/* Begin XCConfigurationList section */
		09FAF3FA295F434900E5866A /* Build configuration list for PBXProject "AssignmentPratilipi" */ = {
			isa = XCConfigurationList;
			buildConfigurations = (
				09FAF411295F434F00E5866A /* Debug */,
				09FAF412295F434F00E5866A /* Release */,
			);
			defaultConfigurationIsVisible = 0;
			defaultConfigurationName = Release;
		};
		09FAF413295F434F00E5866A /* Build configuration list for PBXNativeTarget "AssignmentPratilipi" */ = {
			isa = XCConfigurationList;
			buildConfigurations = (
				09FAF414295F434F00E5866A /* Debug */,
				09FAF415295F434F00E5866A /* Release */,
			);
			defaultConfigurationIsVisible = 0;
			defaultConfigurationName = Release;
		};
/* End XCConfigurationList section */
	};
	rootObject = 09FAF3F7295F434900E5866A /* Project object */;
}
